
Microsoft Visual Studio Solution File, Format Version 12.00
# Visual Studio Version 17
VisualStudioVersion = 17.1.32210.238
MinimumVisualStudioVersion = 10.0.40219.1
Project("{FAE04EC0-301F-11D3-BF4B-00C04F79EFBC}") = "AbstractPractice", "AbstractPractice\AbstractPractice.csproj", "{32CDD216-A050-479E-AD22-4B1EB2066A01}"
EndProject
Global
	GlobalSection(SolutionConfigurationPlatforms) = preSolution
		Debug|Any CPU = Debug|Any CPU
		Release|Any CPU = Release|Any CPU
	EndGlobalSection
	GlobalSection(ProjectConfigurationPlatforms) = postSolution
		{32CDD216-A050-479E-AD22-4B1EB2066A01}.Debug|Any CPU.ActiveCfg = Debug|Any CPU
		{32CDD216-A050-479E-AD22-4B1EB2066A01}.Debug|Any CPU.Build.0 = Debug|Any CPU
		{32CDD216-A050-479E-AD22-4B1EB2066A01}.Release|Any CPU.ActiveCfg = Release|Any CPU
		{32CDD216-A050-479E-AD22-4B1EB2066A01}.Release|Any CPU.Build.0 = Release|Any CPU
	EndGlobalSection
	GlobalSection(SolutionProperties) = preSolution
		HideSolutionNode = FALSE
	EndGlobalSection
	GlobalSection(ExtensibilityGlobals) = postSolution
		SolutionGuid = {B7A7A6A0-7B49-41B2-8F6C-539910AC71D3}
	EndGlobalSection
EndGlobal
